
Microsoft Visual Studio Solution File, Format Version 12.00
# Visual Studio Version 17
VisualStudioVersion = 17.0.31903.59
MinimumVisualStudioVersion = 10.0.40219.1
Project("{2150E333-8FDC-42A3-9474-1A3956D46DE8}") = "src", "src", "{AC520C7A-91B1-43C7-981C-0665E53B32D0}"
EndProject
Project("{FAE04EC0-301F-11D3-BF4B-00C04F79EFBC}") = "MicBoost", "src\MicBoost\MicBoost.csproj", "{6E2094D0-CE2C-43A6-8183-FD1ED8F94068}"
EndProject
Project("{2150E333-8FDC-42A3-9474-1A3956D46DE8}") = "tests", "tests", "{B5FE224B-2E3E-4D56-AEBE-1437A961FC81}"
EndProject
Project("{FAE04EC0-301F-11D3-BF4B-00C04F79EFBC}") = "MicBoost.Tests", "tests\MicBoost.Tests\MicBoost.Tests.csproj", "{06B4B2F1-BFED-4BCA-BC35-56D040704D7A}"
EndProject
Global
	GlobalSection(SolutionConfigurationPlatforms) = preSolution
		Debug|Any CPU = Debug|Any CPU
		Release|Any CPU = Release|Any CPU
	EndGlobalSection
	GlobalSection(SolutionProperties) = preSolution
		HideSolutionNode = FALSE
	EndGlobalSection
	GlobalSection(ProjectConfigurationPlatforms) = postSolution
		{6E2094D0-CE2C-43A6-8183-FD1ED8F94068}.Debug|Any CPU.ActiveCfg = Debug|Any CPU
		{6E2094D0-CE2C-43A6-8183-FD1ED8F94068}.Debug|Any CPU.Build.0 = Debug|Any CPU
		{6E2094D0-CE2C-43A6-8183-FD1ED8F94068}.Release|Any CPU.ActiveCfg = Release|Any CPU
		{6E2094D0-CE2C-43A6-8183-FD1ED8F94068}.Release|Any CPU.Build.0 = Release|Any CPU
		{06B4B2F1-BFED-4BCA-BC35-56D040704D7A}.Debug|Any CPU.ActiveCfg = Debug|Any CPU
		{06B4B2F1-BFED-4BCA-BC35-56D040704D7A}.Debug|Any CPU.Build.0 = Debug|Any CPU
		{06B4B2F1-BFED-4BCA-BC35-56D040704D7A}.Release|Any CPU.ActiveCfg = Release|Any CPU
		{06B4B2F1-BFED-4BCA-BC35-56D040704D7A}.Release|Any CPU.Build.0 = Release|Any CPU
	EndGlobalSection
	GlobalSection(NestedProjects) = preSolution
		{6E2094D0-CE2C-43A6-8183-FD1ED8F94068} = {AC520C7A-91B1-43C7-981C-0665E53B32D0}
		{06B4B2F1-BFED-4BCA-BC35-56D040704D7A} = {B5FE224B-2E3E-4D56-AEBE-1437A961FC81}
	EndGlobalSection
EndGlobal
